// !$*UTF8*$!
{
	archiveVersion = 1;
	classes = {
	};
	objectVersion = 50;
	objects = {

/* Begin PBXBuildFile section */
		09D6918C9A9E251D6C37978F /* Pods_Artible2.framework in Frameworks */ = {isa = PBXBuildFile; fileRef = EB2BE0EAA7C66D6B662D89CB /* Pods_Artible2.framework */; };
		A35818FF230EA8FC00BE2212 /* LoginVC.swift in Sources */ = {isa = PBXBuildFile; fileRef = A35818FE230EA8FC00BE2212 /* LoginVC.swift */; };
		A3581901230EA91100BE2212 /* RegisterVC.swift in Sources */ = {isa = PBXBuildFile; fileRef = A3581900230EA91100BE2212 /* RegisterVC.swift */; };
		A3581904230EADD300BE2212 /* Extensions.swift in Sources */ = {isa = PBXBuildFile; fileRef = A3581903230EADD300BE2212 /* Extensions.swift */; };
		A38C9313230FF9A800A13046 /* Constants.swift in Sources */ = {isa = PBXBuildFile; fileRef = A38C9312230FF9A800A13046 /* Constants.swift */; };
		A38C9316230FFC4F00A13046 /* RoundedViews.swift in Sources */ = {isa = PBXBuildFile; fileRef = A38C9315230FFC4F00A13046 /* RoundedViews.swift */; };
		A391FA1F2301836300F7342F /* AppDelegate.swift in Sources */ = {isa = PBXBuildFile; fileRef = A391FA1E2301836300F7342F /* AppDelegate.swift */; };
		A391FA212301836300F7342F /* ViewController.swift in Sources */ = {isa = PBXBuildFile; fileRef = A391FA202301836300F7342F /* ViewController.swift */; };
		A391FA242301836300F7342F /* Main.storyboard in Resources */ = {isa = PBXBuildFile; fileRef = A391FA222301836300F7342F /* Main.storyboard */; };
		A391FA262301836400F7342F /* Assets.xcassets in Resources */ = {isa = PBXBuildFile; fileRef = A391FA252301836400F7342F /* Assets.xcassets */; };
		A391FA292301836400F7342F /* LaunchScreen.storyboard in Resources */ = {isa = PBXBuildFile; fileRef = A391FA272301836400F7342F /* LaunchScreen.storyboard */; };
		A391FA372301837B00F7342F /* AppDelegate.swift in Sources */ = {isa = PBXBuildFile; fileRef = A391FA362301837B00F7342F /* AppDelegate.swift */; };
		A391FA392301837B00F7342F /* ViewController.swift in Sources */ = {isa = PBXBuildFile; fileRef = A391FA382301837B00F7342F /* ViewController.swift */; };
		A391FA3C2301837B00F7342F /* Main.storyboard in Resources */ = {isa = PBXBuildFile; fileRef = A391FA3A2301837B00F7342F /* Main.storyboard */; };
		A391FA412301837C00F7342F /* LaunchScreen.storyboard in Resources */ = {isa = PBXBuildFile; fileRef = A391FA3F2301837C00F7342F /* LaunchScreen.storyboard */; };
		A391FA472301838F00F7342F /* Assets.xcassets in Resources */ = {isa = PBXBuildFile; fileRef = A391FA252301836400F7342F /* Assets.xcassets */; };
		A3E0AAF5230EA35500A936E7 /* GoogleService-Info.plist in Resources */ = {isa = PBXBuildFile; fileRef = A3E0AAF4230EA35500A936E7 /* GoogleService-Info.plist */; };
		A3E0AAF7230EA53B00A936E7 /* GoogleService-Info.plist in Resources */ = {isa = PBXBuildFile; fileRef = A3E0AAF6230EA53B00A936E7 /* GoogleService-Info.plist */; };
		A3FBA6D72302C61C00DF38A4 /* LoginStoryboard.storyboard in Resources */ = {isa = PBXBuildFile; fileRef = A3FBA6D62302C61C00DF38A4 /* LoginStoryboard.storyboard */; };
		CA33435E7353E29E39D59D02 /* Pods_Artible2Admin.framework in Frameworks */ = {isa = PBXBuildFile; fileRef = 5F1CBCB90825F36DD5561F46 /* Pods_Artible2Admin.framework */; };
/* End PBXBuildFile section */

/* Begin PBXFileReference section */
		22ED4DF37BBB0A8CDF07BF12 /* Pods-Artible2Admin.debug.xcconfig */ = {isa = PBXFileReference; includeInIndex = 1; lastKnownFileType = text.xcconfig; name = "Pods-Artible2Admin.debug.xcconfig"; path = "Pods/Target Support Files/Pods-Artible2Admin/Pods-Artible2Admin.debug.xcconfig"; sourceTree = "<group>"; };
		3CD18E544FB95F88F64D23EB /* Pods-Artible2Admin.release.xcconfig */ = {isa = PBXFileReference; includeInIndex = 1; lastKnownFileType = text.xcconfig; name = "Pods-Artible2Admin.release.xcconfig"; path = "Pods/Target Support Files/Pods-Artible2Admin/Pods-Artible2Admin.release.xcconfig"; sourceTree = "<group>"; };
		5F1CBCB90825F36DD5561F46 /* Pods_Artible2Admin.framework */ = {isa = PBXFileReference; explicitFileType = wrapper.framework; includeInIndex = 0; path = Pods_Artible2Admin.framework; sourceTree = BUILT_PRODUCTS_DIR; };
		69DBE6BA051A9E2A981A39B0 /* Pods-Artible2.release.xcconfig */ = {isa = PBXFileReference; includeInIndex = 1; lastKnownFileType = text.xcconfig; name = "Pods-Artible2.release.xcconfig"; path = "Pods/Target Support Files/Pods-Artible2/Pods-Artible2.release.xcconfig"; sourceTree = "<group>"; };
		A35818FE230EA8FC00BE2212 /* LoginVC.swift */ = {isa = PBXFileReference; lastKnownFileType = sourcecode.swift; path = LoginVC.swift; sourceTree = "<group>"; };
		A3581900230EA91100BE2212 /* RegisterVC.swift */ = {isa = PBXFileReference; lastKnownFileType = sourcecode.swift; path = RegisterVC.swift; sourceTree = "<group>"; };
		A3581903230EADD300BE2212 /* Extensions.swift */ = {isa = PBXFileReference; lastKnownFileType = sourcecode.swift; path = Extensions.swift; sourceTree = "<group>"; };
		A38C9312230FF9A800A13046 /* Constants.swift */ = {isa = PBXFileReference; lastKnownFileType = sourcecode.swift; path = Constants.swift; sourceTree = "<group>"; };
		A38C9315230FFC4F00A13046 /* RoundedViews.swift */ = {isa = PBXFileReference; lastKnownFileType = sourcecode.swift; path = RoundedViews.swift; sourceTree = "<group>"; };
		A391FA1B2301836300F7342F /* Artible2.app */ = {isa = PBXFileReference; explicitFileType = wrapper.application; includeInIndex = 0; path = Artible2.app; sourceTree = BUILT_PRODUCTS_DIR; };
		A391FA1E2301836300F7342F /* AppDelegate.swift */ = {isa = PBXFileReference; lastKnownFileType = sourcecode.swift; path = AppDelegate.swift; sourceTree = "<group>"; };
		A391FA202301836300F7342F /* ViewController.swift */ = {isa = PBXFileReference; lastKnownFileType = sourcecode.swift; path = ViewController.swift; sourceTree = "<group>"; };
		A391FA232301836300F7342F /* Base */ = {isa = PBXFileReference; lastKnownFileType = file.storyboard; name = Base; path = Base.lproj/Main.storyboard; sourceTree = "<group>"; };
		A391FA252301836400F7342F /* Assets.xcassets */ = {isa = PBXFileReference; lastKnownFileType = folder.assetcatalog; path = Assets.xcassets; sourceTree = "<group>"; };
		A391FA282301836400F7342F /* Base */ = {isa = PBXFileReference; lastKnownFileType = file.storyboard; name = Base; path = Base.lproj/LaunchScreen.storyboard; sourceTree = "<group>"; };
		A391FA2A2301836400F7342F /* Info.plist */ = {isa = PBXFileReference; lastKnownFileType = text.plist.xml; path = Info.plist; sourceTree = "<group>"; };
		A391FA342301837B00F7342F /* Artible2Admin.app */ = {isa = PBXFileReference; explicitFileType = wrapper.application; includeInIndex = 0; path = Artible2Admin.app; sourceTree = BUILT_PRODUCTS_DIR; };
		A391FA362301837B00F7342F /* AppDelegate.swift */ = {isa = PBXFileReference; lastKnownFileType = sourcecode.swift; path = AppDelegate.swift; sourceTree = "<group>"; };
		A391FA382301837B00F7342F /* ViewController.swift */ = {isa = PBXFileReference; lastKnownFileType = sourcecode.swift; path = ViewController.swift; sourceTree = "<group>"; };
		A391FA3B2301837B00F7342F /* Base */ = {isa = PBXFileReference; lastKnownFileType = file.storyboard; name = Base; path = Base.lproj/Main.storyboard; sourceTree = "<group>"; };
		A391FA402301837C00F7342F /* Base */ = {isa = PBXFileReference; lastKnownFileType = file.storyboard; name = Base; path = Base.lproj/LaunchScreen.storyboard; sourceTree = "<group>"; };
		A391FA422301837C00F7342F /* Info.plist */ = {isa = PBXFileReference; lastKnownFileType = text.plist.xml; path = Info.plist; sourceTree = "<group>"; };
		A3E0AAF4230EA35500A936E7 /* GoogleService-Info.plist */ = {isa = PBXFileReference; fileEncoding = 4; lastKnownFileType = text.plist.xml; path = "GoogleService-Info.plist"; sourceTree = "<group>"; };
		A3E0AAF6230EA53B00A936E7 /* GoogleService-Info.plist */ = {isa = PBXFileReference; fileEncoding = 4; lastKnownFileType = text.plist.xml; path = "GoogleService-Info.plist"; sourceTree = "<group>"; };
		A3FBA6D62302C61C00DF38A4 /* LoginStoryboard.storyboard */ = {isa = PBXFileReference; lastKnownFileType = file.storyboard; path = LoginStoryboard.storyboard; sourceTree = "<group>"; };
		C695A1561C8E222388673193 /* Pods-Artible2.debug.xcconfig */ = {isa = PBXFileReference; includeInIndex = 1; lastKnownFileType = text.xcconfig; name = "Pods-Artible2.debug.xcconfig"; path = "Pods/Target Support Files/Pods-Artible2/Pods-Artible2.debug.xcconfig"; sourceTree = "<group>"; };
		EB2BE0EAA7C66D6B662D89CB /* Pods_Artible2.framework */ = {isa = PBXFileReference; explicitFileType = wrapper.framework; includeInIndex = 0; path = Pods_Artible2.framework; sourceTree = BUILT_PRODUCTS_DIR; };
/* End PBXFileReference section */

/* Begin PBXFrameworksBuildPhase section */
		A391FA182301836300F7342F /* Frameworks */ = {
			isa = PBXFrameworksBuildPhase;
			buildActionMask = 2147483647;
			files = (
				09D6918C9A9E251D6C37978F /* Pods_Artible2.framework in Frameworks */,
			);
			runOnlyForDeploymentPostprocessing = 0;
		};
		A391FA312301837B00F7342F /* Frameworks */ = {
			isa = PBXFrameworksBuildPhase;
			buildActionMask = 2147483647;
			files = (
				CA33435E7353E29E39D59D02 /* Pods_Artible2Admin.framework in Frameworks */,
			);
			runOnlyForDeploymentPostprocessing = 0;
		};
/* End PBXFrameworksBuildPhase section */

/* Begin PBXGroup section */
		0D6FAFB9811E3B8C4553422D /* Frameworks */ = {
			isa = PBXGroup;
			children = (
				EB2BE0EAA7C66D6B662D89CB /* Pods_Artible2.framework */,
				5F1CBCB90825F36DD5561F46 /* Pods_Artible2Admin.framework */,
			);
			name = Frameworks;
			sourceTree = "<group>";
		};
		A35818F9230EA88600BE2212 /* Controller */ = {
			isa = PBXGroup;
			children = (
				A35818FE230EA8FC00BE2212 /* LoginVC.swift */,
				A3581900230EA91100BE2212 /* RegisterVC.swift */,
				A391FA1E2301836300F7342F /* AppDelegate.swift */,
				A391FA202301836300F7342F /* ViewController.swift */,
			);
			path = Controller;
			sourceTree = "<group>";
		};
		A35818FA230EA89000BE2212 /* View */ = {
			isa = PBXGroup;
			children = (
			);
			path = View;
			sourceTree = "<group>";
		};
		A35818FB230EA89500BE2212 /* Model */ = {
			isa = PBXGroup;
			children = (
			);
			path = Model;
			sourceTree = "<group>";
		};
		A35818FC230EA89F00BE2212 /* Storyboards */ = {
			isa = PBXGroup;
			children = (
				A3FBA6D62302C61C00DF38A4 /* LoginStoryboard.storyboard */,
				A391FA222301836300F7342F /* Main.storyboard */,
				A391FA272301836400F7342F /* LaunchScreen.storyboard */,
			);
			path = Storyboards;
			sourceTree = "<group>";
		};
		A3581902230EADA600BE2212 /* Utils */ = {
			isa = PBXGroup;
			children = (
				A3581903230EADD300BE2212 /* Extensions.swift */,
				A38C9312230FF9A800A13046 /* Constants.swift */,
			);
			path = Utils;
			sourceTree = "<group>";
		};
		A38C9314230FFC2800A13046 /* View */ = {
			isa = PBXGroup;
			children = (
				A38C9315230FFC4F00A13046 /* RoundedViews.swift */,
			);
			path = View;
			sourceTree = "<group>";
		};
		A391FA122301836300F7342F = {
			isa = PBXGroup;
			children = (
				A391FA462301838700F7342F /* Shared */,
				A391FA1D2301836300F7342F /* Artible2 */,
				A391FA352301837B00F7342F /* Artible2Admin */,
				A391FA1C2301836300F7342F /* Products */,
				BCEDEC7074EBBB8F59200574 /* Pods */,
				0D6FAFB9811E3B8C4553422D /* Frameworks */,
			);
			sourceTree = "<group>";
		};
		A391FA1C2301836300F7342F /* Products */ = {
			isa = PBXGroup;
			children = (
				A391FA1B2301836300F7342F /* Artible2.app */,
				A391FA342301837B00F7342F /* Artible2Admin.app */,
			);
			name = Products;
			sourceTree = "<group>";
		};
		A391FA1D2301836300F7342F /* Artible2 */ = {
			isa = PBXGroup;
			children = (
				A35818FB230EA89500BE2212 /* Model */,
				A35818FA230EA89000BE2212 /* View */,
				A35818F9230EA88600BE2212 /* Controller */,
				A35818FC230EA89F00BE2212 /* Storyboards */,
				A3E0AAF4230EA35500A936E7 /* GoogleService-Info.plist */,
				A391FA2A2301836400F7342F /* Info.plist */,
			);
			path = Artible2;
			sourceTree = "<group>";
		};
		A391FA352301837B00F7342F /* Artible2Admin */ = {
			isa = PBXGroup;
			children = (
				A391FA362301837B00F7342F /* AppDelegate.swift */,
				A391FA382301837B00F7342F /* ViewController.swift */,
				A391FA3A2301837B00F7342F /* Main.storyboard */,
				A391FA3F2301837C00F7342F /* LaunchScreen.storyboard */,
				A3E0AAF6230EA53B00A936E7 /* GoogleService-Info.plist */,
				A391FA422301837C00F7342F /* Info.plist */,
			);
			path = Artible2Admin;
			sourceTree = "<group>";
		};
		A391FA462301838700F7342F /* Shared */ = {
			isa = PBXGroup;
			children = (
				A38C9314230FFC2800A13046 /* View */,
				A3581902230EADA600BE2212 /* Utils */,
				A391FA252301836400F7342F /* Assets.xcassets */,
			);
			path = Shared;
			sourceTree = "<group>";
		};
		BCEDEC7074EBBB8F59200574 /* Pods */ = {
			isa = PBXGroup;
			children = (
				C695A1561C8E222388673193 /* Pods-Artible2.debug.xcconfig */,
				69DBE6BA051A9E2A981A39B0 /* Pods-Artible2.release.xcconfig */,
				22ED4DF37BBB0A8CDF07BF12 /* Pods-Artible2Admin.debug.xcconfig */,
				3CD18E544FB95F88F64D23EB /* Pods-Artible2Admin.release.xcconfig */,
			);
			name = Pods;
			sourceTree = "<group>";
		};
/* End PBXGroup section */

/* Begin PBXNativeTarget section */
		A391FA1A2301836300F7342F /* Artible2 */ = {
			isa = PBXNativeTarget;
			buildConfigurationList = A391FA2D2301836400F7342F /* Build configuration list for PBXNativeTarget "Artible2" */;
			buildPhases = (
				1185582951A7578428A62F72 /* [CP] Check Pods Manifest.lock */,
				A391FA172301836300F7342F /* Sources */,
				A391FA182301836300F7342F /* Frameworks */,
				A391FA192301836300F7342F /* Resources */,
				9A17796DD23D61E028065F38 /* [CP] Embed Pods Frameworks */,
			);
			buildRules = (
			);
			dependencies = (
			);
			name = Artible2;
			productName = Artible2;
			productReference = A391FA1B2301836300F7342F /* Artible2.app */;
			productType = "com.apple.product-type.application";
		};
		A391FA332301837B00F7342F /* Artible2Admin */ = {
			isa = PBXNativeTarget;
			buildConfigurationList = A391FA432301837C00F7342F /* Build configuration list for PBXNativeTarget "Artible2Admin" */;
			buildPhases = (
				B4F3A6108E268D74126DF3FD /* [CP] Check Pods Manifest.lock */,
				A391FA302301837B00F7342F /* Sources */,
				A391FA312301837B00F7342F /* Frameworks */,
				A391FA322301837B00F7342F /* Resources */,
				8ED6F2124657B178559BF34C /* [CP] Embed Pods Frameworks */,
			);
			buildRules = (
			);
			dependencies = (
			);
			name = Artible2Admin;
			productName = Artible2Admin;
			productReference = A391FA342301837B00F7342F /* Artible2Admin.app */;
			productType = "com.apple.product-type.application";
		};
/* End PBXNativeTarget section */

/* Begin PBXProject section */
		A391FA132301836300F7342F /* Project object */ = {
			isa = PBXProject;
			attributes = {
				LastSwiftUpdateCheck = 1020;
				LastUpgradeCheck = 1020;
				ORGANIZATIONNAME = "Nicholas Coggin";
				TargetAttributes = {
					A391FA1A2301836300F7342F = {
						CreatedOnToolsVersion = 10.2.1;
					};
					A391FA332301837B00F7342F = {
						CreatedOnToolsVersion = 10.2.1;
					};
				};
			};
			buildConfigurationList = A391FA162301836300F7342F /* Build configuration list for PBXProject "Artible2" */;
			compatibilityVersion = "Xcode 9.3";
			developmentRegion = en;
			hasScannedForEncodings = 0;
			knownRegions = (
				en,
				Base,
			);
			mainGroup = A391FA122301836300F7342F;
			productRefGroup = A391FA1C2301836300F7342F /* Products */;
			projectDirPath = "";
			projectRoot = "";
			targets = (
				A391FA1A2301836300F7342F /* Artible2 */,
				A391FA332301837B00F7342F /* Artible2Admin */,
			);
		};
/* End PBXProject section */

/* Begin PBXResourcesBuildPhase section */
		A391FA192301836300F7342F /* Resources */ = {
			isa = PBXResourcesBuildPhase;
			buildActionMask = 2147483647;
			files = (
				A391FA292301836400F7342F /* LaunchScreen.storyboard in Resources */,
				A391FA262301836400F7342F /* Assets.xcassets in Resources */,
				A3E0AAF5230EA35500A936E7 /* GoogleService-Info.plist in Resources */,
				A391FA242301836300F7342F /* Main.storyboard in Resources */,
				A3FBA6D72302C61C00DF38A4 /* LoginStoryboard.storyboard in Resources */,
			);
			runOnlyForDeploymentPostprocessing = 0;
		};
		A391FA322301837B00F7342F /* Resources */ = {
			isa = PBXResourcesBuildPhase;
			buildActionMask = 2147483647;
			files = (
				A391FA412301837C00F7342F /* LaunchScreen.storyboard in Resources */,
				A391FA472301838F00F7342F /* Assets.xcassets in Resources */,
				A3E0AAF7230EA53B00A936E7 /* GoogleService-Info.plist in Resources */,
				A391FA3C2301837B00F7342F /* Main.storyboard in Resources */,
			);
			runOnlyForDeploymentPostprocessing = 0;
		};
/* End PBXResourcesBuildPhase section */

/* Begin PBXShellScriptBuildPhase section */
		1185582951A7578428A62F72 /* [CP] Check Pods Manifest.lock */ = {
			isa = PBXShellScriptBuildPhase;
			buildActionMask = 2147483647;
			files = (
			);
			inputPaths = (
				"${PODS_PODFILE_DIR_PATH}/Podfile.lock",
				"${PODS_ROOT}/Manifest.lock",
			);
			name = "[CP] Check Pods Manifest.lock";
			outputPaths = (
				"$(DERIVED_FILE_DIR)/Pods-Artible2-checkManifestLockResult.txt",
			);
			runOnlyForDeploymentPostprocessing = 0;
			shellPath = /bin/sh;
			shellScript = "diff \"${PODS_PODFILE_DIR_PATH}/Podfile.lock\" \"${PODS_ROOT}/Manifest.lock\" > /dev/null\nif [ $? != 0 ] ; then\n    # print error to STDERR\n    echo \"error: The sandbox is not in sync with the Podfile.lock. Run 'pod install' or update your CocoaPods installation.\" >&2\n    exit 1\nfi\n# This output is used by Xcode 'outputs' to avoid re-running this script phase.\necho \"SUCCESS\" > \"${SCRIPT_OUTPUT_FILE_0}\"\n";
			showEnvVarsInLog = 0;
		};
		8ED6F2124657B178559BF34C /* [CP] Embed Pods Frameworks */ = {
			isa = PBXShellScriptBuildPhase;
			buildActionMask = 2147483647;
			files = (
			);
			inputPaths = (
				"${SRCROOT}/Pods/Target Support Files/Pods-Artible2Admin/Pods-Artible2Admin-frameworks.sh",
				"${BUILT_PRODUCTS_DIR}/BoringSSL-GRPC/openssl_grpc.framework",
				"${BUILT_PRODUCTS_DIR}/CodableFirebase/CodableFirebase.framework",
				"${BUILT_PRODUCTS_DIR}/GTMSessionFetcher/GTMSessionFetcher.framework",
				"${BUILT_PRODUCTS_DIR}/GoogleUtilities/GoogleUtilities.framework",
				"${BUILT_PRODUCTS_DIR}/IQKeyboardManagerSwift/IQKeyboardManagerSwift.framework",
				"${BUILT_PRODUCTS_DIR}/Kingfisher/Kingfisher.framework",
				"${BUILT_PRODUCTS_DIR}/Protobuf/Protobuf.framework",
				"${BUILT_PRODUCTS_DIR}/gRPC-C++/grpcpp.framework",
				"${BUILT_PRODUCTS_DIR}/gRPC-Core/grpc.framework",
				"${BUILT_PRODUCTS_DIR}/leveldb-library/leveldb.framework",
				"${BUILT_PRODUCTS_DIR}/nanopb/nanopb.framework",
				"${BUILT_PRODUCTS_DIR}/CropViewController/CropViewController.framework",
			);
			name = "[CP] Embed Pods Frameworks";
			outputPaths = (
				"${TARGET_BUILD_DIR}/${FRAMEWORKS_FOLDER_PATH}/openssl_grpc.framework",
				"${TARGET_BUILD_DIR}/${FRAMEWORKS_FOLDER_PATH}/CodableFirebase.framework",
				"${TARGET_BUILD_DIR}/${FRAMEWORKS_FOLDER_PATH}/GTMSessionFetcher.framework",
				"${TARGET_BUILD_DIR}/${FRAMEWORKS_FOLDER_PATH}/GoogleUtilities.framework",
				"${TARGET_BUILD_DIR}/${FRAMEWORKS_FOLDER_PATH}/IQKeyboardManagerSwift.framework",
				"${TARGET_BUILD_DIR}/${FRAMEWORKS_FOLDER_PATH}/Kingfisher.framework",
				"${TARGET_BUILD_DIR}/${FRAMEWORKS_FOLDER_PATH}/Protobuf.framework",
				"${TARGET_BUILD_DIR}/${FRAMEWORKS_FOLDER_PATH}/grpcpp.framework",
				"${TARGET_BUILD_DIR}/${FRAMEWORKS_FOLDER_PATH}/grpc.framework",
				"${TARGET_BUILD_DIR}/${FRAMEWORKS_FOLDER_PATH}/leveldb.framework",
				"${TARGET_BUILD_DIR}/${FRAMEWORKS_FOLDER_PATH}/nanopb.framework",
				"${TARGET_BUILD_DIR}/${FRAMEWORKS_FOLDER_PATH}/CropViewController.framework",
			);
			runOnlyForDeploymentPostprocessing = 0;
			shellPath = /bin/sh;
			shellScript = "\"${SRCROOT}/Pods/Target Support Files/Pods-Artible2Admin/Pods-Artible2Admin-frameworks.sh\"\n";
			showEnvVarsInLog = 0;
		};
		9A17796DD23D61E028065F38 /* [CP] Embed Pods Frameworks */ = {
			isa = PBXShellScriptBuildPhase;
			buildActionMask = 2147483647;
			files = (
			);
			inputPaths = (
				"${SRCROOT}/Pods/Target Support Files/Pods-Artible2/Pods-Artible2-frameworks.sh",
				"${BUILT_PRODUCTS_DIR}/Alamofire/Alamofire.framework",
				"${BUILT_PRODUCTS_DIR}/BoringSSL-GRPC/openssl_grpc.framework",
				"${BUILT_PRODUCTS_DIR}/CodableFirebase/CodableFirebase.framework",
				"${BUILT_PRODUCTS_DIR}/GTMSessionFetcher/GTMSessionFetcher.framework",
				"${BUILT_PRODUCTS_DIR}/GoogleUtilities/GoogleUtilities.framework",
				"${BUILT_PRODUCTS_DIR}/IQKeyboardManagerSwift/IQKeyboardManagerSwift.framework",
				"${BUILT_PRODUCTS_DIR}/Kingfisher/Kingfisher.framework",
				"${BUILT_PRODUCTS_DIR}/Protobuf/Protobuf.framework",
				"${BUILT_PRODUCTS_DIR}/Stripe/Stripe.framework",
				"${BUILT_PRODUCTS_DIR}/gRPC-C++/grpcpp.framework",
				"${BUILT_PRODUCTS_DIR}/gRPC-Core/grpc.framework",
				"${BUILT_PRODUCTS_DIR}/leveldb-library/leveldb.framework",
				"${BUILT_PRODUCTS_DIR}/nanopb/nanopb.framework",
			);
			name = "[CP] Embed Pods Frameworks";
			outputPaths = (
				"${TARGET_BUILD_DIR}/${FRAMEWORKS_FOLDER_PATH}/Alamofire.framework",
				"${TARGET_BUILD_DIR}/${FRAMEWORKS_FOLDER_PATH}/openssl_grpc.framework",
				"${TARGET_BUILD_DIR}/${FRAMEWORKS_FOLDER_PATH}/CodableFirebase.framework",
				"${TARGET_BUILD_DIR}/${FRAMEWORKS_FOLDER_PATH}/GTMSessionFetcher.framework",
				"${TARGET_BUILD_DIR}/${FRAMEWORKS_FOLDER_PATH}/GoogleUtilities.framework",
				"${TARGET_BUILD_DIR}/${FRAMEWORKS_FOLDER_PATH}/IQKeyboardManagerSwift.framework",
				"${TARGET_BUILD_DIR}/${FRAMEWORKS_FOLDER_PATH}/Kingfisher.framework",
				"${TARGET_BUILD_DIR}/${FRAMEWORKS_FOLDER_PATH}/Protobuf.framework",
				"${TARGET_BUILD_DIR}/${FRAMEWORKS_FOLDER_PATH}/Stripe.framework",
				"${TARGET_BUILD_DIR}/${FRAMEWORKS_FOLDER_PATH}/grpcpp.framework",
				"${TARGET_BUILD_DIR}/${FRAMEWORKS_FOLDER_PATH}/grpc.framework",
				"${TARGET_BUILD_DIR}/${FRAMEWORKS_FOLDER_PATH}/leveldb.framework",
				"${TARGET_BUILD_DIR}/${FRAMEWORKS_FOLDER_PATH}/nanopb.framework",
			);
			runOnlyForDeploymentPostprocessing = 0;
			shellPath = /bin/sh;
			shellScript = "\"${SRCROOT}/Pods/Target Support Files/Pods-Artible2/Pods-Artible2-frameworks.sh\"\n";
			showEnvVarsInLog = 0;
		};
		B4F3A6108E268D74126DF3FD /* [CP] Check Pods Manifest.lock */ = {
			isa = PBXShellScriptBuildPhase;
			buildActionMask = 2147483647;
			files = (
			);
			inputPaths = (
				"${PODS_PODFILE_DIR_PATH}/Podfile.lock",
				"${PODS_ROOT}/Manifest.lock",
			);
			name = "[CP] Check Pods Manifest.lock";
			outputPaths = (
				"$(DERIVED_FILE_DIR)/Pods-Artible2Admin-checkManifestLockResult.txt",
			);
			runOnlyForDeploymentPostprocessing = 0;
			shellPath = /bin/sh;
			shellScript = "diff \"${PODS_PODFILE_DIR_PATH}/Podfile.lock\" \"${PODS_ROOT}/Manifest.lock\" > /dev/null\nif [ $? != 0 ] ; then\n    # print error to STDERR\n    echo \"error: The sandbox is not in sync with the Podfile.lock. Run 'pod install' or update your CocoaPods installation.\" >&2\n    exit 1\nfi\n# This output is used by Xcode 'outputs' to avoid re-running this script phase.\necho \"SUCCESS\" > \"${SCRIPT_OUTPUT_FILE_0}\"\n";
			showEnvVarsInLog = 0;
		};
/* End PBXShellScriptBuildPhase section */

/* Begin PBXSourcesBuildPhase section */
		A391FA172301836300F7342F /* Sources */ = {
			isa = PBXSourcesBuildPhase;
			buildActionMask = 2147483647;
			files = (
				A3581904230EADD300BE2212 /* Extensions.swift in Sources */,
				A391FA212301836300F7342F /* ViewController.swift in Sources */,
				A3581901230EA91100BE2212 /* RegisterVC.swift in Sources */,
				A391FA1F2301836300F7342F /* AppDelegate.swift in Sources */,
				A38C9316230FFC4F00A13046 /* RoundedViews.swift in Sources */,
				A35818FF230EA8FC00BE2212 /* LoginVC.swift in Sources */,
				A38C9313230FF9A800A13046 /* Constants.swift in Sources */,
			);
			runOnlyForDeploymentPostprocessing = 0;
		};
		A391FA302301837B00F7342F /* Sources */ = {
			isa = PBXSourcesBuildPhase;
			buildActionMask = 2147483647;
			files = (
				A391FA392301837B00F7342F /* ViewController.swift in Sources */,
				A391FA372301837B00F7342F /* AppDelegate.swift in Sources */,
			);
			runOnlyForDeploymentPostprocessing = 0;
		};
/* End PBXSourcesBuildPhase section */

/* Begin PBXVariantGroup section */
		A391FA222301836300F7342F /* Main.storyboard */ = {
			isa = PBXVariantGroup;
			children = (
				A391FA232301836300F7342F /* Base */,
			);
			name = Main.storyboard;
			sourceTree = "<group>";
		};
		A391FA272301836400F7342F /* LaunchScreen.storyboard */ = {
			isa = PBXVariantGroup;
			children = (
				A391FA282301836400F7342F /* Base */,
			);
			name = LaunchScreen.storyboard;
			sourceTree = "<group>";
		};
		A391FA3A2301837B00F7342F /* Main.storyboard */ = {
			isa = PBXVariantGroup;
			children = (
				A391FA3B2301837B00F7342F /* Base */,
			);
			name = Main.storyboard;
			sourceTree = "<group>";
		};
		A391FA3F2301837C00F7342F /* LaunchScreen.storyboard */ = {
			isa = PBXVariantGroup;
			children = (
				A391FA402301837C00F7342F /* Base */,
			);
			name = LaunchScreen.storyboard;
			sourceTree = "<group>";
		};
/* End PBXVariantGroup section */

/* Begin XCBuildConfiguration section */
		A391FA2B2301836400F7342F /* Debug */ = {
			isa = XCBuildConfiguration;
			buildSettings = {
				ALWAYS_SEARCH_USER_PATHS = NO;
				CLANG_ANALYZER_NONNULL = YES;
				CLANG_ANALYZER_NUMBER_OBJECT_CONVERSION = YES_AGGRESSIVE;
				CLANG_CXX_LANGUAGE_STANDARD = "gnu++14";
				CLANG_CXX_LIBRARY = "libc++";
				CLANG_ENABLE_MODULES = YES;
				CLANG_ENABLE_OBJC_ARC = YES;
				CLANG_ENABLE_OBJC_WEAK = YES;
				CLANG_WARN_BLOCK_CAPTURE_AUTORELEASING = YES;
				CLANG_WARN_BOOL_CONVERSION = YES;
				CLANG_WARN_COMMA = YES;
				CLANG_WARN_CONSTANT_CONVERSION = YES;
				CLANG_WARN_DEPRECATED_OBJC_IMPLEMENTATIONS = YES;
				CLANG_WARN_DIRECT_OBJC_ISA_USAGE = YES_ERROR;
				CLANG_WARN_DOCUMENTATION_COMMENTS = YES;
				CLANG_WARN_EMPTY_BODY = YES;
				CLANG_WARN_ENUM_CONVERSION = YES;
				CLANG_WARN_INFINITE_RECURSION = YES;
				CLANG_WARN_INT_CONVERSION = YES;
				CLANG_WARN_NON_LITERAL_NULL_CONVERSION = YES;
				CLANG_WARN_OBJC_IMPLICIT_RETAIN_SELF = YES;
				CLANG_WARN_OBJC_LITERAL_CONVERSION = YES;
				CLANG_WARN_OBJC_ROOT_CLASS = YES_ERROR;
				CLANG_WARN_RANGE_LOOP_ANALYSIS = YES;
				CLANG_WARN_STRICT_PROTOTYPES = YES;
				CLANG_WARN_SUSPICIOUS_MOVE = YES;
				CLANG_WARN_UNGUARDED_AVAILABILITY = YES_AGGRESSIVE;
				CLANG_WARN_UNREACHABLE_CODE = YES;
				CLANG_WARN__DUPLICATE_METHOD_MATCH = YES;
				CODE_SIGN_IDENTITY = "iPhone Developer";
				COPY_PHASE_STRIP = NO;
				DEBUG_INFORMATION_FORMAT = dwarf;
				ENABLE_STRICT_OBJC_MSGSEND = YES;
				ENABLE_TESTABILITY = YES;
				GCC_C_LANGUAGE_STANDARD = gnu11;
				GCC_DYNAMIC_NO_PIC = NO;
				GCC_NO_COMMON_BLOCKS = YES;
				GCC_OPTIMIZATION_LEVEL = 0;
				GCC_PREPROCESSOR_DEFINITIONS = (
					"DEBUG=1",
					"$(inherited)",
				);
				GCC_WARN_64_TO_32_BIT_CONVERSION = YES;
				GCC_WARN_ABOUT_RETURN_TYPE = YES_ERROR;
				GCC_WARN_UNDECLARED_SELECTOR = YES;
				GCC_WARN_UNINITIALIZED_AUTOS = YES_AGGRESSIVE;
				GCC_WARN_UNUSED_FUNCTION = YES;
				GCC_WARN_UNUSED_VARIABLE = YES;
				IPHONEOS_DEPLOYMENT_TARGET = 12.2;
				MTL_ENABLE_DEBUG_INFO = INCLUDE_SOURCE;
				MTL_FAST_MATH = YES;
				ONLY_ACTIVE_ARCH = YES;
				SDKROOT = iphoneos;
				SWIFT_ACTIVE_COMPILATION_CONDITIONS = DEBUG;
				SWIFT_OPTIMIZATION_LEVEL = "-Onone";
			};
			name = Debug;
		};
		A391FA2C2301836400F7342F /* Release */ = {
			isa = XCBuildConfiguration;
			buildSettings = {
				ALWAYS_SEARCH_USER_PATHS = NO;
				CLANG_ANALYZER_NONNULL = YES;
				CLANG_ANALYZER_NUMBER_OBJECT_CONVERSION = YES_AGGRESSIVE;
				CLANG_CXX_LANGUAGE_STANDARD = "gnu++14";
				CLANG_CXX_LIBRARY = "libc++";
				CLANG_ENABLE_MODULES = YES;
				CLANG_ENABLE_OBJC_ARC = YES;
				CLANG_ENABLE_OBJC_WEAK = YES;
				CLANG_WARN_BLOCK_CAPTURE_AUTORELEASING = YES;
				CLANG_WARN_BOOL_CONVERSION = YES;
				CLANG_WARN_COMMA = YES;
				CLANG_WARN_CONSTANT_CONVERSION = YES;
				CLANG_WARN_DEPRECATED_OBJC_IMPLEMENTATIONS = YES;
				CLANG_WARN_DIRECT_OBJC_ISA_USAGE = YES_ERROR;
				CLANG_WARN_DOCUMENTATION_COMMENTS = YES;
				CLANG_WARN_EMPTY_BODY = YES;
				CLANG_WARN_ENUM_CONVERSION = YES;
				CLANG_WARN_INFINITE_RECURSION = YES;
				CLANG_WARN_INT_CONVERSION = YES;
				CLANG_WARN_NON_LITERAL_NULL_CONVERSION = YES;
				CLANG_WARN_OBJC_IMPLICIT_RETAIN_SELF = YES;
				CLANG_WARN_OBJC_LITERAL_CONVERSION = YES;
				CLANG_WARN_OBJC_ROOT_CLASS = YES_ERROR;
				CLANG_WARN_RANGE_LOOP_ANALYSIS = YES;
				CLANG_WARN_STRICT_PROTOTYPES = YES;
				CLANG_WARN_SUSPICIOUS_MOVE = YES;
				CLANG_WARN_UNGUARDED_AVAILABILITY = YES_AGGRESSIVE;
				CLANG_WARN_UNREACHABLE_CODE = YES;
				CLANG_WARN__DUPLICATE_METHOD_MATCH = YES;
				CODE_SIGN_IDENTITY = "iPhone Developer";
				COPY_PHASE_STRIP = NO;
				DEBUG_INFORMATION_FORMAT = "dwarf-with-dsym";
				ENABLE_NS_ASSERTIONS = NO;
				ENABLE_STRICT_OBJC_MSGSEND = YES;
				GCC_C_LANGUAGE_STANDARD = gnu11;
				GCC_NO_COMMON_BLOCKS = YES;
				GCC_WARN_64_TO_32_BIT_CONVERSION = YES;
				GCC_WARN_ABOUT_RETURN_TYPE = YES_ERROR;
				GCC_WARN_UNDECLARED_SELECTOR = YES;
				GCC_WARN_UNINITIALIZED_AUTOS = YES_AGGRESSIVE;
				GCC_WARN_UNUSED_FUNCTION = YES;
				GCC_WARN_UNUSED_VARIABLE = YES;
				IPHONEOS_DEPLOYMENT_TARGET = 12.2;
				MTL_ENABLE_DEBUG_INFO = NO;
				MTL_FAST_MATH = YES;
				SDKROOT = iphoneos;
				SWIFT_COMPILATION_MODE = wholemodule;
				SWIFT_OPTIMIZATION_LEVEL = "-O";
				VALIDATE_PRODUCT = YES;
			};
			name = Release;
		};
		A391FA2E2301836400F7342F /* Debug */ = {
			isa = XCBuildConfiguration;
			baseConfigurationReference = C695A1561C8E222388673193 /* Pods-Artible2.debug.xcconfig */;
			buildSettings = {
				ASSETCATALOG_COMPILER_APPICON_NAME = AppIcon;
				CODE_SIGN_STYLE = Automatic;
				DEVELOPMENT_TEAM = BVR98QBCX2;
				INFOPLIST_FILE = Artible2/Info.plist;
				LD_RUNPATH_SEARCH_PATHS = (
					"$(inherited)",
					"@executable_path/Frameworks",
				);
				PRODUCT_BUNDLE_IDENTIFIER = com.CogDev.Artible2;
				PRODUCT_NAME = "$(TARGET_NAME)";
				SWIFT_VERSION = 5.0;
				TARGETED_DEVICE_FAMILY = "1,2";
			};
			name = Debug;
		};
		A391FA2F2301836400F7342F /* Release */ = {
			isa = XCBuildConfiguration;
			baseConfigurationReference = 69DBE6BA051A9E2A981A39B0 /* Pods-Artible2.release.xcconfig */;
			buildSettings = {
				ASSETCATALOG_COMPILER_APPICON_NAME = AppIcon;
				CODE_SIGN_STYLE = Automatic;
				DEVELOPMENT_TEAM = BVR98QBCX2;
				INFOPLIST_FILE = Artible2/Info.plist;
				LD_RUNPATH_SEARCH_PATHS = (
					"$(inherited)",
					"@executable_path/Frameworks",
				);
				PRODUCT_BUNDLE_IDENTIFIER = com.CogDev.Artible2;
				PRODUCT_NAME = "$(TARGET_NAME)";
				SWIFT_VERSION = 5.0;
				TARGETED_DEVICE_FAMILY = "1,2";
			};
			name = Release;
		};
		A391FA442301837C00F7342F /* Debug */ = {
			isa = XCBuildConfiguration;
			baseConfigurationReference = 22ED4DF37BBB0A8CDF07BF12 /* Pods-Artible2Admin.debug.xcconfig */;
			buildSettings = {
				ASSETCATALOG_COMPILER_APPICON_NAME = AppIcon;
				CODE_SIGN_STYLE = Automatic;
				DEVELOPMENT_TEAM = BVR98QBCX2;
				INFOPLIST_FILE = Artible2Admin/Info.plist;
				LD_RUNPATH_SEARCH_PATHS = (
					"$(inherited)",
					"@executable_path/Frameworks",
				);
				PRODUCT_BUNDLE_IDENTIFIER = com.CogDev.Artible2Admin;
				PRODUCT_NAME = "$(TARGET_NAME)";
				SWIFT_VERSION = 5.0;
				TARGETED_DEVICE_FAMILY = "1,2";
			};
			name = Debug;
		};
		A391FA452301837C00F7342F /* Release */ = {
			isa = XCBuildConfiguration;
			baseConfigurationReference = 3CD18E544FB95F88F64D23EB /* Pods-Artible2Admin.release.xcconfig */;
			buildSettings = {
				ASSETCATALOG_COMPILER_APPICON_NAME = AppIcon;
				CODE_SIGN_STYLE = Automatic;
				DEVELOPMENT_TEAM = BVR98QBCX2;
				INFOPLIST_FILE = Artible2Admin/Info.plist;
				LD_RUNPATH_SEARCH_PATHS = (
					"$(inherited)",
					"@executable_path/Frameworks",
				);
				PRODUCT_BUNDLE_IDENTIFIER = com.CogDev.Artible2Admin;
				PRODUCT_NAME = "$(TARGET_NAME)";
				SWIFT_VERSION = 5.0;
				TARGETED_DEVICE_FAMILY = "1,2";
			};
			name = Release;
		};
/* End XCBuildConfiguration section */

/* Begin XCConfigurationList section */
		A391FA162301836300F7342F /* Build configuration list for PBXProject "Artible2" */ = {
			isa = XCConfigurationList;
			buildConfigurations = (
				A391FA2B2301836400F7342F /* Debug */,
				A391FA2C2301836400F7342F /* Release */,
			);
			defaultConfigurationIsVisible = 0;
			defaultConfigurationName = Release;
		};
		A391FA2D2301836400F7342F /* Build configuration list for PBXNativeTarget "Artible2" */ = {
			isa = XCConfigurationList;
			buildConfigurations = (
				A391FA2E2301836400F7342F /* Debug */,
				A391FA2F2301836400F7342F /* Release */,
			);
			defaultConfigurationIsVisible = 0;
			defaultConfigurationName = Release;
		};
		A391FA432301837C00F7342F /* Build configuration list for PBXNativeTarget "Artible2Admin" */ = {
			isa = XCConfigurationList;
			buildConfigurations = (
				A391FA442301837C00F7342F /* Debug */,
				A391FA452301837C00F7342F /* Release */,
			);
			defaultConfigurationIsVisible = 0;
			defaultConfigurationName = Release;
		};
/* End XCConfigurationList section */
	};
	rootObject = A391FA132301836300F7342F /* Project object */;
}
